// !$*UTF8*$!
{
	archiveVersion = 1;
	classes = {
	};
	objectVersion = 56;
	objects = {

/* Begin PBXBuildFile section */
		196ACC8F2BE24D5C002779B5 /* LoginViewVM.swift in Sources */ = {isa = PBXBuildFile; fileRef = 196ACC8E2BE24D5C002779B5 /* LoginViewVM.swift */; };
		196ACC912BE24DEA002779B5 /* LoginService.swift in Sources */ = {isa = PBXBuildFile; fileRef = 196ACC902BE24DEA002779B5 /* LoginService.swift */; };
		196EBE122BE3BF0300301572 /* LoadingOverlay.swift in Sources */ = {isa = PBXBuildFile; fileRef = 196EBE112BE3BF0300301572 /* LoadingOverlay.swift */; };
		196EBE142BE3C04F00301572 /* MexAppViewModel.swift in Sources */ = {isa = PBXBuildFile; fileRef = 196EBE132BE3C04F00301572 /* MexAppViewModel.swift */; };
		1973CF922BE25161005E8F4C /* LoginViewVMFactory.swift in Sources */ = {isa = PBXBuildFile; fileRef = 1973CF912BE25161005E8F4C /* LoginViewVMFactory.swift */; };
		1973CF942BE27A60005E8F4C /* KeychainService.swift in Sources */ = {isa = PBXBuildFile; fileRef = 1973CF932BE27A60005E8F4C /* KeychainService.swift */; };
		1973CF982BE28D8A005E8F4C /* TwitterToken.swift in Sources */ = {isa = PBXBuildFile; fileRef = 1973CF972BE28D8A005E8F4C /* TwitterToken.swift */; };
		1974FC9F2BE66D1C0088B04C /* OAuth1SwiftMock.swift in Sources */ = {isa = PBXBuildFile; fileRef = 1974FC9E2BE66D1C0088B04C /* OAuth1SwiftMock.swift */; };
		198149042BE22BFC00BF1A43 /* OAuthSwift.xcframework in Frameworks */ = {isa = PBXBuildFile; fileRef = 198149032BE22BFC00BF1A43 /* OAuthSwift.xcframework */; };
		1984F3D62BE55BED001E8D35 /* LoginViewVMTests.swift in Sources */ = {isa = PBXBuildFile; fileRef = 1984F3D52BE55BED001E8D35 /* LoginViewVMTests.swift */; };
		1984F3D82BE55C7D001E8D35 /* LoginServiceMock.swift in Sources */ = {isa = PBXBuildFile; fileRef = 1984F3D72BE55C7D001E8D35 /* LoginServiceMock.swift */; };
		1984F3DA2BE55D1D001E8D35 /* LoginDomainModelMock.swift in Sources */ = {isa = PBXBuildFile; fileRef = 1984F3D92BE55D1D001E8D35 /* LoginDomainModelMock.swift */; };
		1984F3DC2BE55EB9001E8D35 /* CachedLoginServiceMock.swift in Sources */ = {isa = PBXBuildFile; fileRef = 1984F3DB2BE55EB9001E8D35 /* CachedLoginServiceMock.swift */; };
		1984F3DE2BE560BA001E8D35 /* MexAppViewModelLoginListenerMock.swift in Sources */ = {isa = PBXBuildFile; fileRef = 1984F3DD2BE560BA001E8D35 /* MexAppViewModelLoginListenerMock.swift */; };
		19908CC72BE56C0400EB2549 /* LoginServiceTests.swift in Sources */ = {isa = PBXBuildFile; fileRef = 19908CC62BE56C0400EB2549 /* LoginServiceTests.swift */; };
		19908CC92BE56C5800EB2549 /* OAuthWrapMock.swift in Sources */ = {isa = PBXBuildFile; fileRef = 19908CC82BE56C5800EB2549 /* OAuthWrapMock.swift */; };
		19908CCD2BE574FE00EB2549 /* CachedLoginModelTests.swift in Sources */ = {isa = PBXBuildFile; fileRef = 19908CCC2BE574FE00EB2549 /* CachedLoginModelTests.swift */; };
		19908CCF2BE5773A00EB2549 /* KeychainServiceMock.swift in Sources */ = {isa = PBXBuildFile; fileRef = 19908CCE2BE5773A00EB2549 /* KeychainServiceMock.swift */; };
		19908CD12BE63DF200EB2549 /* OAuthWrapperTests.swift in Sources */ = {isa = PBXBuildFile; fileRef = 19908CD02BE63DF200EB2549 /* OAuthWrapperTests.swift */; };
		19A9350C2BE16022006830F0 /* MexApp.swift in Sources */ = {isa = PBXBuildFile; fileRef = 19A9350B2BE16022006830F0 /* MexApp.swift */; };
		19A9350E2BE16022006830F0 /* LoginView.swift in Sources */ = {isa = PBXBuildFile; fileRef = 19A9350D2BE16022006830F0 /* LoginView.swift */; };
		19A935102BE16025006830F0 /* Assets.xcassets in Resources */ = {isa = PBXBuildFile; fileRef = 19A9350F2BE16025006830F0 /* Assets.xcassets */; };
		19A935132BE16025006830F0 /* Preview Assets.xcassets in Resources */ = {isa = PBXBuildFile; fileRef = 19A935122BE16025006830F0 /* Preview Assets.xcassets */; };
		19A935152BE16025006830F0 /* Persistence.swift in Sources */ = {isa = PBXBuildFile; fileRef = 19A935142BE16025006830F0 /* Persistence.swift */; };
		19A935182BE16025006830F0 /* Mex.xcdatamodeld in Sources */ = {isa = PBXBuildFile; fileRef = 19A935162BE16025006830F0 /* Mex.xcdatamodeld */; };
		19A935222BE16026006830F0 /* MexTests.swift in Sources */ = {isa = PBXBuildFile; fileRef = 19A935212BE16026006830F0 /* MexTests.swift */; };
		19A9352C2BE16026006830F0 /* MexUITests.swift in Sources */ = {isa = PBXBuildFile; fileRef = 19A9352B2BE16026006830F0 /* MexUITests.swift */; };
		19A9352E2BE16026006830F0 /* MexUITestsLaunchTests.swift in Sources */ = {isa = PBXBuildFile; fileRef = 19A9352D2BE16026006830F0 /* MexUITestsLaunchTests.swift */; };
		19E125892BE2AF3D005B7D07 /* AuthUser.swift in Sources */ = {isa = PBXBuildFile; fileRef = 19E125882BE2AF3D005B7D07 /* AuthUser.swift */; };
		19E1258B2BE2B7D5005B7D07 /* TwitterAuth.plist in Resources */ = {isa = PBXBuildFile; fileRef = 19E1258A2BE2B7D5005B7D07 /* TwitterAuth.plist */; };
		19E1258D2BE2BE07005B7D07 /* AuthCredentials.swift in Sources */ = {isa = PBXBuildFile; fileRef = 19E1258C2BE2BE07005B7D07 /* AuthCredentials.swift */; };
		19E1258F2BE2BF62005B7D07 /* AuthResponse.swift in Sources */ = {isa = PBXBuildFile; fileRef = 19E1258E2BE2BF62005B7D07 /* AuthResponse.swift */; };
		19E125942BE2C92C005B7D07 /* OAuthWrapper.swift in Sources */ = {isa = PBXBuildFile; fileRef = 19E125932BE2C92C005B7D07 /* OAuthWrapper.swift */; };
		19E125962BE2F961005B7D07 /* LoginDomainModel.swift in Sources */ = {isa = PBXBuildFile; fileRef = 19E125952BE2F961005B7D07 /* LoginDomainModel.swift */; };
		19E1259A2BE307FF005B7D07 /* DesignDirectory.swift in Sources */ = {isa = PBXBuildFile; fileRef = 19E125992BE307FF005B7D07 /* DesignDirectory.swift */; };
		19E1259C2BE30920005B7D07 /* LogoTextView.swift in Sources */ = {isa = PBXBuildFile; fileRef = 19E1259B2BE30920005B7D07 /* LogoTextView.swift */; };
		19E1259E2BE30A2A005B7D07 /* Localizable.strings in Resources */ = {isa = PBXBuildFile; fileRef = 19E1259D2BE30A2A005B7D07 /* Localizable.strings */; };
		19E125A02BE31A31005B7D07 /* LoginButton.swift in Sources */ = {isa = PBXBuildFile; fileRef = 19E1259F2BE31A31005B7D07 /* LoginButton.swift */; };
		19E125A32BE396F4005B7D07 /* CacheLoginModelService.swift in Sources */ = {isa = PBXBuildFile; fileRef = 19E125A22BE396F4005B7D07 /* CacheLoginModelService.swift */; };
/* End PBXBuildFile section */

/* Begin PBXContainerItemProxy section */
		19A9351E2BE16026006830F0 /* PBXContainerItemProxy */ = {
			isa = PBXContainerItemProxy;
			containerPortal = 19A935002BE16022006830F0 /* Project object */;
			proxyType = 1;
			remoteGlobalIDString = 19A935072BE16022006830F0;
			remoteInfo = Mex;
		};
		19A935282BE16026006830F0 /* PBXContainerItemProxy */ = {
			isa = PBXContainerItemProxy;
			containerPortal = 19A935002BE16022006830F0 /* Project object */;
			proxyType = 1;
			remoteGlobalIDString = 19A935072BE16022006830F0;
			remoteInfo = Mex;
		};
/* End PBXContainerItemProxy section */

/* Begin PBXFileReference section */
		196ACC8E2BE24D5C002779B5 /* LoginViewVM.swift */ = {isa = PBXFileReference; lastKnownFileType = sourcecode.swift; path = LoginViewVM.swift; sourceTree = "<group>"; };
		196ACC902BE24DEA002779B5 /* LoginService.swift */ = {isa = PBXFileReference; lastKnownFileType = sourcecode.swift; path = LoginService.swift; sourceTree = "<group>"; };
		196EBE112BE3BF0300301572 /* LoadingOverlay.swift */ = {isa = PBXFileReference; lastKnownFileType = sourcecode.swift; path = LoadingOverlay.swift; sourceTree = "<group>"; };
		196EBE132BE3C04F00301572 /* MexAppViewModel.swift */ = {isa = PBXFileReference; lastKnownFileType = sourcecode.swift; path = MexAppViewModel.swift; sourceTree = "<group>"; };
		1973CF912BE25161005E8F4C /* LoginViewVMFactory.swift */ = {isa = PBXFileReference; lastKnownFileType = sourcecode.swift; path = LoginViewVMFactory.swift; sourceTree = "<group>"; };
		1973CF932BE27A60005E8F4C /* KeychainService.swift */ = {isa = PBXFileReference; lastKnownFileType = sourcecode.swift; path = KeychainService.swift; sourceTree = "<group>"; };
		1973CF962BE28AB5005E8F4C /* Mex.entitlements */ = {isa = PBXFileReference; lastKnownFileType = text.plist.entitlements; path = Mex.entitlements; sourceTree = "<group>"; };
		1973CF972BE28D8A005E8F4C /* TwitterToken.swift */ = {isa = PBXFileReference; lastKnownFileType = sourcecode.swift; path = TwitterToken.swift; sourceTree = "<group>"; };
		1974FC9E2BE66D1C0088B04C /* OAuth1SwiftMock.swift */ = {isa = PBXFileReference; lastKnownFileType = sourcecode.swift; path = OAuth1SwiftMock.swift; sourceTree = "<group>"; };
		198149002BE2295E00BF1A43 /* Info.plist */ = {isa = PBXFileReference; lastKnownFileType = text.plist; path = Info.plist; sourceTree = "<group>"; };
		198149032BE22BFC00BF1A43 /* OAuthSwift.xcframework */ = {isa = PBXFileReference; lastKnownFileType = wrapper.xcframework; name = OAuthSwift.xcframework; path = Carthage/Build/OAuthSwift.xcframework; sourceTree = "<group>"; };
		1984F3D52BE55BED001E8D35 /* LoginViewVMTests.swift */ = {isa = PBXFileReference; lastKnownFileType = sourcecode.swift; path = LoginViewVMTests.swift; sourceTree = "<group>"; };
		1984F3D72BE55C7D001E8D35 /* LoginServiceMock.swift */ = {isa = PBXFileReference; lastKnownFileType = sourcecode.swift; path = LoginServiceMock.swift; sourceTree = "<group>"; };
		1984F3D92BE55D1D001E8D35 /* LoginDomainModelMock.swift */ = {isa = PBXFileReference; lastKnownFileType = sourcecode.swift; path = LoginDomainModelMock.swift; sourceTree = "<group>"; };
		1984F3DB2BE55EB9001E8D35 /* CachedLoginServiceMock.swift */ = {isa = PBXFileReference; lastKnownFileType = sourcecode.swift; path = CachedLoginServiceMock.swift; sourceTree = "<group>"; };
		1984F3DD2BE560BA001E8D35 /* MexAppViewModelLoginListenerMock.swift */ = {isa = PBXFileReference; lastKnownFileType = sourcecode.swift; path = MexAppViewModelLoginListenerMock.swift; sourceTree = "<group>"; };
		19908CC62BE56C0400EB2549 /* LoginServiceTests.swift */ = {isa = PBXFileReference; lastKnownFileType = sourcecode.swift; path = LoginServiceTests.swift; sourceTree = "<group>"; };
		19908CC82BE56C5800EB2549 /* OAuthWrapMock.swift */ = {isa = PBXFileReference; lastKnownFileType = sourcecode.swift; path = OAuthWrapMock.swift; sourceTree = "<group>"; };
		19908CCC2BE574FE00EB2549 /* CachedLoginModelTests.swift */ = {isa = PBXFileReference; lastKnownFileType = sourcecode.swift; path = CachedLoginModelTests.swift; sourceTree = "<group>"; };
		19908CCE2BE5773A00EB2549 /* KeychainServiceMock.swift */ = {isa = PBXFileReference; lastKnownFileType = sourcecode.swift; path = KeychainServiceMock.swift; sourceTree = "<group>"; };
		19908CD02BE63DF200EB2549 /* OAuthWrapperTests.swift */ = {isa = PBXFileReference; lastKnownFileType = sourcecode.swift; path = OAuthWrapperTests.swift; sourceTree = "<group>"; };
		19A935082BE16022006830F0 /* Mex.app */ = {isa = PBXFileReference; explicitFileType = wrapper.application; includeInIndex = 0; path = Mex.app; sourceTree = BUILT_PRODUCTS_DIR; };
		19A9350B2BE16022006830F0 /* MexApp.swift */ = {isa = PBXFileReference; lastKnownFileType = sourcecode.swift; path = MexApp.swift; sourceTree = "<group>"; };
		19A9350D2BE16022006830F0 /* LoginView.swift */ = {isa = PBXFileReference; lastKnownFileType = sourcecode.swift; path = LoginView.swift; sourceTree = "<group>"; };
		19A9350F2BE16025006830F0 /* Assets.xcassets */ = {isa = PBXFileReference; lastKnownFileType = folder.assetcatalog; path = Assets.xcassets; sourceTree = "<group>"; };
		19A935122BE16025006830F0 /* Preview Assets.xcassets */ = {isa = PBXFileReference; lastKnownFileType = folder.assetcatalog; path = "Preview Assets.xcassets"; sourceTree = "<group>"; };
		19A935142BE16025006830F0 /* Persistence.swift */ = {isa = PBXFileReference; lastKnownFileType = sourcecode.swift; path = Persistence.swift; sourceTree = "<group>"; };
		19A935172BE16025006830F0 /* Mex.xcdatamodel */ = {isa = PBXFileReference; lastKnownFileType = wrapper.xcdatamodel; path = Mex.xcdatamodel; sourceTree = "<group>"; };
		19A9351D2BE16026006830F0 /* MexTests.xctest */ = {isa = PBXFileReference; explicitFileType = wrapper.cfbundle; includeInIndex = 0; path = MexTests.xctest; sourceTree = BUILT_PRODUCTS_DIR; };
		19A935212BE16026006830F0 /* MexTests.swift */ = {isa = PBXFileReference; lastKnownFileType = sourcecode.swift; path = MexTests.swift; sourceTree = "<group>"; };
		19A935272BE16026006830F0 /* MexUITests.xctest */ = {isa = PBXFileReference; explicitFileType = wrapper.cfbundle; includeInIndex = 0; path = MexUITests.xctest; sourceTree = BUILT_PRODUCTS_DIR; };
		19A9352B2BE16026006830F0 /* MexUITests.swift */ = {isa = PBXFileReference; lastKnownFileType = sourcecode.swift; path = MexUITests.swift; sourceTree = "<group>"; };
		19A9352D2BE16026006830F0 /* MexUITestsLaunchTests.swift */ = {isa = PBXFileReference; lastKnownFileType = sourcecode.swift; path = MexUITestsLaunchTests.swift; sourceTree = "<group>"; };
		19E125882BE2AF3D005B7D07 /* AuthUser.swift */ = {isa = PBXFileReference; lastKnownFileType = sourcecode.swift; path = AuthUser.swift; sourceTree = "<group>"; };
		19E1258A2BE2B7D5005B7D07 /* TwitterAuth.plist */ = {isa = PBXFileReference; lastKnownFileType = text.plist.xml; path = TwitterAuth.plist; sourceTree = "<group>"; };
		19E1258C2BE2BE07005B7D07 /* AuthCredentials.swift */ = {isa = PBXFileReference; lastKnownFileType = sourcecode.swift; path = AuthCredentials.swift; sourceTree = "<group>"; };
		19E1258E2BE2BF62005B7D07 /* AuthResponse.swift */ = {isa = PBXFileReference; lastKnownFileType = sourcecode.swift; path = AuthResponse.swift; sourceTree = "<group>"; };
		19E125932BE2C92C005B7D07 /* OAuthWrapper.swift */ = {isa = PBXFileReference; fileEncoding = 4; lastKnownFileType = sourcecode.swift; path = OAuthWrapper.swift; sourceTree = "<group>"; };
		19E125952BE2F961005B7D07 /* LoginDomainModel.swift */ = {isa = PBXFileReference; lastKnownFileType = sourcecode.swift; path = LoginDomainModel.swift; sourceTree = "<group>"; };
		19E125992BE307FF005B7D07 /* DesignDirectory.swift */ = {isa = PBXFileReference; lastKnownFileType = sourcecode.swift; path = DesignDirectory.swift; sourceTree = "<group>"; };
		19E1259B2BE30920005B7D07 /* LogoTextView.swift */ = {isa = PBXFileReference; lastKnownFileType = sourcecode.swift; path = LogoTextView.swift; sourceTree = "<group>"; };
		19E1259D2BE30A2A005B7D07 /* Localizable.strings */ = {isa = PBXFileReference; lastKnownFileType = text.plist.strings; path = Localizable.strings; sourceTree = "<group>"; };
		19E1259F2BE31A31005B7D07 /* LoginButton.swift */ = {isa = PBXFileReference; lastKnownFileType = sourcecode.swift; path = LoginButton.swift; sourceTree = "<group>"; };
		19E125A22BE396F4005B7D07 /* CacheLoginModelService.swift */ = {isa = PBXFileReference; lastKnownFileType = sourcecode.swift; path = CacheLoginModelService.swift; sourceTree = "<group>"; };
/* End PBXFileReference section */

/* Begin PBXFrameworksBuildPhase section */
		19A935052BE16022006830F0 /* Frameworks */ = {
			isa = PBXFrameworksBuildPhase;
			buildActionMask = 2147483647;
			files = (
				198149042BE22BFC00BF1A43 /* OAuthSwift.xcframework in Frameworks */,
			);
			runOnlyForDeploymentPostprocessing = 0;
		};
		19A9351A2BE16026006830F0 /* Frameworks */ = {
			isa = PBXFrameworksBuildPhase;
			buildActionMask = 2147483647;
			files = (
			);
			runOnlyForDeploymentPostprocessing = 0;
		};
		19A935242BE16026006830F0 /* Frameworks */ = {
			isa = PBXFrameworksBuildPhase;
			buildActionMask = 2147483647;
			files = (
			);
			runOnlyForDeploymentPostprocessing = 0;
		};
/* End PBXFrameworksBuildPhase section */

/* Begin PBXGroup section */
		196EBE102BE3BC6000301572 /* Services */ = {
			isa = PBXGroup;
			children = (
				196ACC902BE24DEA002779B5 /* LoginService.swift */,
				19E125A22BE396F4005B7D07 /* CacheLoginModelService.swift */,
			);
			path = Services;
			sourceTree = "<group>";
		};
		198149022BE22BFB00BF1A43 /* Frameworks */ = {
			isa = PBXGroup;
			children = (
				198149032BE22BFC00BF1A43 /* OAuthSwift.xcframework */,
			);
			name = Frameworks;
			sourceTree = "<group>";
		};
		19908CC52BE56BDF00EB2549 /* Mocks */ = {
			isa = PBXGroup;
			children = (
				1984F3D72BE55C7D001E8D35 /* LoginServiceMock.swift */,
				1984F3DB2BE55EB9001E8D35 /* CachedLoginServiceMock.swift */,
				1984F3D92BE55D1D001E8D35 /* LoginDomainModelMock.swift */,
				1984F3DD2BE560BA001E8D35 /* MexAppViewModelLoginListenerMock.swift */,
				19908CC82BE56C5800EB2549 /* OAuthWrapMock.swift */,
				19908CCE2BE5773A00EB2549 /* KeychainServiceMock.swift */,
			);
			path = Mocks;
			sourceTree = "<group>";
		};
		19908CCA2BE570EC00EB2549 /* Tests */ = {
			isa = PBXGroup;
			children = (
				1984F3D52BE55BED001E8D35 /* LoginViewVMTests.swift */,
				19908CC62BE56C0400EB2549 /* LoginServiceTests.swift */,
				19908CCC2BE574FE00EB2549 /* CachedLoginModelTests.swift */,
			);
			path = Tests;
			sourceTree = "<group>";
		};
		19908CCB2BE570F600EB2549 /* Login */ = {
			isa = PBXGroup;
			children = (
				19908CC52BE56BDF00EB2549 /* Mocks */,
				19908CCA2BE570EC00EB2549 /* Tests */,
			);
			path = Login;
			sourceTree = "<group>";
		};
		19A934FF2BE16022006830F0 = {
			isa = PBXGroup;
			children = (
				19A9350A2BE16022006830F0 /* Mex */,
				19A935202BE16026006830F0 /* MexTests */,
				19A9352A2BE16026006830F0 /* MexUITests */,
				19A935092BE16022006830F0 /* Products */,
				198149022BE22BFB00BF1A43 /* Frameworks */,
			);
			sourceTree = "<group>";
		};
		19A935092BE16022006830F0 /* Products */ = {
			isa = PBXGroup;
			children = (
				19A935082BE16022006830F0 /* Mex.app */,
				19A9351D2BE16026006830F0 /* MexTests.xctest */,
				19A935272BE16026006830F0 /* MexUITests.xctest */,
			);
			name = Products;
			sourceTree = "<group>";
		};
		19A9350A2BE16022006830F0 /* Mex */ = {
			isa = PBXGroup;
			children = (
				1973CF962BE28AB5005E8F4C /* Mex.entitlements */,
				198149002BE2295E00BF1A43 /* Info.plist */,
				19A9350B2BE16022006830F0 /* MexApp.swift */,
				196EBE132BE3C04F00301572 /* MexAppViewModel.swift */,
				19E125982BE2FC43005B7D07 /* Twitter */,
				19E125972BE2FC1B005B7D07 /* Login */,
				19E125902BE2C766005B7D07 /* OAuthWrapping */,
				1973CF932BE27A60005E8F4C /* KeychainService.swift */,
				19E125992BE307FF005B7D07 /* DesignDirectory.swift */,
				196EBE112BE3BF0300301572 /* LoadingOverlay.swift */,
				19E1259B2BE30920005B7D07 /* LogoTextView.swift */,
				19E1259D2BE30A2A005B7D07 /* Localizable.strings */,
				19A9350F2BE16025006830F0 /* Assets.xcassets */,
				19A935142BE16025006830F0 /* Persistence.swift */,
				19A935162BE16025006830F0 /* Mex.xcdatamodeld */,
				19A935112BE16025006830F0 /* Preview Content */,
			);
			path = Mex;
			sourceTree = "<group>";
		};
		19A935112BE16025006830F0 /* Preview Content */ = {
			isa = PBXGroup;
			children = (
				19A935122BE16025006830F0 /* Preview Assets.xcassets */,
			);
			path = "Preview Content";
			sourceTree = "<group>";
		};
		19A935202BE16026006830F0 /* MexTests */ = {
			isa = PBXGroup;
			children = (
				19A935212BE16026006830F0 /* MexTests.swift */,
				19908CD02BE63DF200EB2549 /* OAuthWrapperTests.swift */,
				1974FC9E2BE66D1C0088B04C /* OAuth1SwiftMock.swift */,
				19908CCB2BE570F600EB2549 /* Login */,
			);
			path = MexTests;
			sourceTree = "<group>";
		};
		19A9352A2BE16026006830F0 /* MexUITests */ = {
			isa = PBXGroup;
			children = (
				19A9352B2BE16026006830F0 /* MexUITests.swift */,
				19A9352D2BE16026006830F0 /* MexUITestsLaunchTests.swift */,
			);
			path = MexUITests;
			sourceTree = "<group>";
		};
		19E125902BE2C766005B7D07 /* OAuthWrapping */ = {
			isa = PBXGroup;
			children = (
				19E125932BE2C92C005B7D07 /* OAuthWrapper.swift */,
				19E125882BE2AF3D005B7D07 /* AuthUser.swift */,
				19E1258C2BE2BE07005B7D07 /* AuthCredentials.swift */,
				19E1258E2BE2BF62005B7D07 /* AuthResponse.swift */,
			);
			path = OAuthWrapping;
			sourceTree = "<group>";
		};
		19E125972BE2FC1B005B7D07 /* Login */ = {
			isa = PBXGroup;
			children = (
				19E125A12BE31A61005B7D07 /* View */,
				196ACC8E2BE24D5C002779B5 /* LoginViewVM.swift */,
				1973CF912BE25161005E8F4C /* LoginViewVMFactory.swift */,
				196EBE102BE3BC6000301572 /* Services */,
				19E125952BE2F961005B7D07 /* LoginDomainModel.swift */,
			);
			path = Login;
			sourceTree = "<group>";
		};
		19E125982BE2FC43005B7D07 /* Twitter */ = {
			isa = PBXGroup;
			children = (
				19E1258A2BE2B7D5005B7D07 /* TwitterAuth.plist */,
				1973CF972BE28D8A005E8F4C /* TwitterToken.swift */,
			);
			path = Twitter;
			sourceTree = "<group>";
		};
		19E125A12BE31A61005B7D07 /* View */ = {
			isa = PBXGroup;
			children = (
				19A9350D2BE16022006830F0 /* LoginView.swift */,
				19E1259F2BE31A31005B7D07 /* LoginButton.swift */,
			);
			path = View;
			sourceTree = "<group>";
		};
/* End PBXGroup section */

/* Begin PBXNativeTarget section */
		19A935072BE16022006830F0 /* Mex */ = {
			isa = PBXNativeTarget;
			buildConfigurationList = 19A935312BE16026006830F0 /* Build configuration list for PBXNativeTarget "Mex" */;
			buildPhases = (
				19A935042BE16022006830F0 /* Sources */,
				19A935052BE16022006830F0 /* Frameworks */,
				19A935062BE16022006830F0 /* Resources */,
				198149012BE22AFB00BF1A43 /* Carthage */,
			);
			buildRules = (
			);
			dependencies = (
			);
			name = Mex;
			productName = Mex;
			productReference = 19A935082BE16022006830F0 /* Mex.app */;
			productType = "com.apple.product-type.application";
		};
		19A9351C2BE16026006830F0 /* MexTests */ = {
			isa = PBXNativeTarget;
			buildConfigurationList = 19A935342BE16026006830F0 /* Build configuration list for PBXNativeTarget "MexTests" */;
			buildPhases = (
				19A935192BE16026006830F0 /* Sources */,
				19A9351A2BE16026006830F0 /* Frameworks */,
				19A9351B2BE16026006830F0 /* Resources */,
			);
			buildRules = (
			);
			dependencies = (
				19A9351F2BE16026006830F0 /* PBXTargetDependency */,
			);
			name = MexTests;
			productName = MexTests;
			productReference = 19A9351D2BE16026006830F0 /* MexTests.xctest */;
			productType = "com.apple.product-type.bundle.unit-test";
		};
		19A935262BE16026006830F0 /* MexUITests */ = {
			isa = PBXNativeTarget;
			buildConfigurationList = 19A935372BE16026006830F0 /* Build configuration list for PBXNativeTarget "MexUITests" */;
			buildPhases = (
				19A935232BE16026006830F0 /* Sources */,
				19A935242BE16026006830F0 /* Frameworks */,
				19A935252BE16026006830F0 /* Resources */,
			);
			buildRules = (
			);
			dependencies = (
				19A935292BE16026006830F0 /* PBXTargetDependency */,
			);
			name = MexUITests;
			productName = MexUITests;
			productReference = 19A935272BE16026006830F0 /* MexUITests.xctest */;
			productType = "com.apple.product-type.bundle.ui-testing";
		};
/* End PBXNativeTarget section */

/* Begin PBXProject section */
		19A935002BE16022006830F0 /* Project object */ = {
			isa = PBXProject;
			attributes = {
				BuildIndependentTargetsInParallel = 1;
				LastSwiftUpdateCheck = 1420;
				LastUpgradeCheck = 1420;
				TargetAttributes = {
					19A935072BE16022006830F0 = {
						CreatedOnToolsVersion = 14.2;
					};
					19A9351C2BE16026006830F0 = {
						CreatedOnToolsVersion = 14.2;
						TestTargetID = 19A935072BE16022006830F0;
					};
					19A935262BE16026006830F0 = {
						CreatedOnToolsVersion = 14.2;
						TestTargetID = 19A935072BE16022006830F0;
					};
				};
			};
			buildConfigurationList = 19A935032BE16022006830F0 /* Build configuration list for PBXProject "Mex" */;
			compatibilityVersion = "Xcode 14.0";
			developmentRegion = en;
			hasScannedForEncodings = 0;
			knownRegions = (
				en,
				Base,
			);
			mainGroup = 19A934FF2BE16022006830F0;
			productRefGroup = 19A935092BE16022006830F0 /* Products */;
			projectDirPath = "";
			projectRoot = "";
			targets = (
				19A935072BE16022006830F0 /* Mex */,
				19A9351C2BE16026006830F0 /* MexTests */,
				19A935262BE16026006830F0 /* MexUITests */,
			);
		};
/* End PBXProject section */

/* Begin PBXResourcesBuildPhase section */
		19A935062BE16022006830F0 /* Resources */ = {
			isa = PBXResourcesBuildPhase;
			buildActionMask = 2147483647;
			files = (
				19A935132BE16025006830F0 /* Preview Assets.xcassets in Resources */,
				19E1259E2BE30A2A005B7D07 /* Localizable.strings in Resources */,
				19E1258B2BE2B7D5005B7D07 /* TwitterAuth.plist in Resources */,
				19A935102BE16025006830F0 /* Assets.xcassets in Resources */,
			);
			runOnlyForDeploymentPostprocessing = 0;
		};
		19A9351B2BE16026006830F0 /* Resources */ = {
			isa = PBXResourcesBuildPhase;
			buildActionMask = 2147483647;
			files = (
			);
			runOnlyForDeploymentPostprocessing = 0;
		};
		19A935252BE16026006830F0 /* Resources */ = {
			isa = PBXResourcesBuildPhase;
			buildActionMask = 2147483647;
			files = (
			);
			runOnlyForDeploymentPostprocessing = 0;
		};
/* End PBXResourcesBuildPhase section */

/* Begin PBXShellScriptBuildPhase section */
		198149012BE22AFB00BF1A43 /* Carthage */ = {
			isa = PBXShellScriptBuildPhase;
			buildActionMask = 8;
			files = (
			);
			inputFileListPaths = (
			);
			inputPaths = (
				"$(SRCROOT)/Carthage/Build/iOS/OAuthSwift.framework",
			);
			name = Carthage;
			outputFileListPaths = (
			);
			outputPaths = (
			);
			runOnlyForDeploymentPostprocessing = 1;
			shellPath = /bin/sh;
			shellScript = "/usr/local/bin/carthage copy-frameworks\n";
		};
/* End PBXShellScriptBuildPhase section */

/* Begin PBXSourcesBuildPhase section */
		19A935042BE16022006830F0 /* Sources */ = {
			isa = PBXSourcesBuildPhase;
			buildActionMask = 2147483647;
			files = (
				19E1258F2BE2BF62005B7D07 /* AuthResponse.swift in Sources */,
				19A935152BE16025006830F0 /* Persistence.swift in Sources */,
				19E125A32BE396F4005B7D07 /* CacheLoginModelService.swift in Sources */,
				19A9350E2BE16022006830F0 /* LoginView.swift in Sources */,
				1973CF922BE25161005E8F4C /* LoginViewVMFactory.swift in Sources */,
				1973CF942BE27A60005E8F4C /* KeychainService.swift in Sources */,
				19E1258D2BE2BE07005B7D07 /* AuthCredentials.swift in Sources */,
				196EBE142BE3C04F00301572 /* MexAppViewModel.swift in Sources */,
				19A935182BE16025006830F0 /* Mex.xcdatamodeld in Sources */,
				19E125892BE2AF3D005B7D07 /* AuthUser.swift in Sources */,
				196EBE122BE3BF0300301572 /* LoadingOverlay.swift in Sources */,
				196ACC8F2BE24D5C002779B5 /* LoginViewVM.swift in Sources */,
				19A9350C2BE16022006830F0 /* MexApp.swift in Sources */,
				1973CF982BE28D8A005E8F4C /* TwitterToken.swift in Sources */,
				19E1259A2BE307FF005B7D07 /* DesignDirectory.swift in Sources */,
				196ACC912BE24DEA002779B5 /* LoginService.swift in Sources */,
				19E125942BE2C92C005B7D07 /* OAuthWrapper.swift in Sources */,
				19E1259C2BE30920005B7D07 /* LogoTextView.swift in Sources */,
				19E125A02BE31A31005B7D07 /* LoginButton.swift in Sources */,
				19E125962BE2F961005B7D07 /* LoginDomainModel.swift in Sources */,
			);
			runOnlyForDeploymentPostprocessing = 0;
		};
		19A935192BE16026006830F0 /* Sources */ = {
			isa = PBXSourcesBuildPhase;
			buildActionMask = 2147483647;
			files = (
				19908CC72BE56C0400EB2549 /* LoginServiceTests.swift in Sources */,
				1974FC9F2BE66D1C0088B04C /* OAuth1SwiftMock.swift in Sources */,
				1984F3D82BE55C7D001E8D35 /* LoginServiceMock.swift in Sources */,
				19908CD12BE63DF200EB2549 /* OAuthWrapperTests.swift in Sources */,
				1984F3DA2BE55D1D001E8D35 /* LoginDomainModelMock.swift in Sources */,
				19908CC92BE56C5800EB2549 /* OAuthWrapMock.swift in Sources */,
				19A935222BE16026006830F0 /* MexTests.swift in Sources */,
				1984F3D62BE55BED001E8D35 /* LoginViewVMTests.swift in Sources */,
				19908CCD2BE574FE00EB2549 /* CachedLoginModelTests.swift in Sources */,
				1984F3DC2BE55EB9001E8D35 /* CachedLoginServiceMock.swift in Sources */,
				1984F3DE2BE560BA001E8D35 /* MexAppViewModelLoginListenerMock.swift in Sources */,
				19908CCF2BE5773A00EB2549 /* KeychainServiceMock.swift in Sources */,
			);
			runOnlyForDeploymentPostprocessing = 0;
		};
		19A935232BE16026006830F0 /* Sources */ = {
			isa = PBXSourcesBuildPhase;
			buildActionMask = 2147483647;
			files = (
				19A9352C2BE16026006830F0 /* MexUITests.swift in Sources */,
				19A9352E2BE16026006830F0 /* MexUITestsLaunchTests.swift in Sources */,
			);
			runOnlyForDeploymentPostprocessing = 0;
		};
/* End PBXSourcesBuildPhase section */

/* Begin PBXTargetDependency section */
		19A9351F2BE16026006830F0 /* PBXTargetDependency */ = {
			isa = PBXTargetDependency;
			target = 19A935072BE16022006830F0 /* Mex */;
			targetProxy = 19A9351E2BE16026006830F0 /* PBXContainerItemProxy */;
		};
		19A935292BE16026006830F0 /* PBXTargetDependency */ = {
			isa = PBXTargetDependency;
			target = 19A935072BE16022006830F0 /* Mex */;
			targetProxy = 19A935282BE16026006830F0 /* PBXContainerItemProxy */;
		};
/* End PBXTargetDependency section */

/* Begin XCBuildConfiguration section */
		19A9352F2BE16026006830F0 /* Debug */ = {
			isa = XCBuildConfiguration;
			buildSettings = {
				ALWAYS_SEARCH_USER_PATHS = NO;
				CLANG_ANALYZER_NONNULL = YES;
				CLANG_ANALYZER_NUMBER_OBJECT_CONVERSION = YES_AGGRESSIVE;
				CLANG_CXX_LANGUAGE_STANDARD = "gnu++20";
				CLANG_ENABLE_MODULES = YES;
				CLANG_ENABLE_OBJC_ARC = YES;
				CLANG_ENABLE_OBJC_WEAK = YES;
				CLANG_WARN_BLOCK_CAPTURE_AUTORELEASING = YES;
				CLANG_WARN_BOOL_CONVERSION = YES;
				CLANG_WARN_COMMA = YES;
				CLANG_WARN_CONSTANT_CONVERSION = YES;
				CLANG_WARN_DEPRECATED_OBJC_IMPLEMENTATIONS = YES;
				CLANG_WARN_DIRECT_OBJC_ISA_USAGE = YES_ERROR;
				CLANG_WARN_DOCUMENTATION_COMMENTS = YES;
				CLANG_WARN_EMPTY_BODY = YES;
				CLANG_WARN_ENUM_CONVERSION = YES;
				CLANG_WARN_INFINITE_RECURSION = YES;
				CLANG_WARN_INT_CONVERSION = YES;
				CLANG_WARN_NON_LITERAL_NULL_CONVERSION = YES;
				CLANG_WARN_OBJC_IMPLICIT_RETAIN_SELF = YES;
				CLANG_WARN_OBJC_LITERAL_CONVERSION = YES;
				CLANG_WARN_OBJC_ROOT_CLASS = YES_ERROR;
				CLANG_WARN_QUOTED_INCLUDE_IN_FRAMEWORK_HEADER = YES;
				CLANG_WARN_RANGE_LOOP_ANALYSIS = YES;
				CLANG_WARN_STRICT_PROTOTYPES = YES;
				CLANG_WARN_SUSPICIOUS_MOVE = YES;
				CLANG_WARN_UNGUARDED_AVAILABILITY = YES_AGGRESSIVE;
				CLANG_WARN_UNREACHABLE_CODE = YES;
				CLANG_WARN__DUPLICATE_METHOD_MATCH = YES;
				COPY_PHASE_STRIP = NO;
				DEBUG_INFORMATION_FORMAT = dwarf;
				ENABLE_STRICT_OBJC_MSGSEND = YES;
				ENABLE_TESTABILITY = YES;
				GCC_C_LANGUAGE_STANDARD = gnu11;
				GCC_DYNAMIC_NO_PIC = NO;
				GCC_NO_COMMON_BLOCKS = YES;
				GCC_OPTIMIZATION_LEVEL = 0;
				GCC_PREPROCESSOR_DEFINITIONS = (
					"DEBUG=1",
					"$(inherited)",
				);
				GCC_WARN_64_TO_32_BIT_CONVERSION = YES;
				GCC_WARN_ABOUT_RETURN_TYPE = YES_ERROR;
				GCC_WARN_UNDECLARED_SELECTOR = YES;
				GCC_WARN_UNINITIALIZED_AUTOS = YES_AGGRESSIVE;
				GCC_WARN_UNUSED_FUNCTION = YES;
				GCC_WARN_UNUSED_VARIABLE = YES;
				IPHONEOS_DEPLOYMENT_TARGET = 16.2;
				MTL_ENABLE_DEBUG_INFO = INCLUDE_SOURCE;
				MTL_FAST_MATH = YES;
				ONLY_ACTIVE_ARCH = YES;
				SDKROOT = iphoneos;
				SWIFT_ACTIVE_COMPILATION_CONDITIONS = DEBUG;
				SWIFT_OPTIMIZATION_LEVEL = "-Onone";
			};
			name = Debug;
		};
		19A935302BE16026006830F0 /* Release */ = {
			isa = XCBuildConfiguration;
			buildSettings = {
				ALWAYS_SEARCH_USER_PATHS = NO;
				CLANG_ANALYZER_NONNULL = YES;
				CLANG_ANALYZER_NUMBER_OBJECT_CONVERSION = YES_AGGRESSIVE;
				CLANG_CXX_LANGUAGE_STANDARD = "gnu++20";
				CLANG_ENABLE_MODULES = YES;
				CLANG_ENABLE_OBJC_ARC = YES;
				CLANG_ENABLE_OBJC_WEAK = YES;
				CLANG_WARN_BLOCK_CAPTURE_AUTORELEASING = YES;
				CLANG_WARN_BOOL_CONVERSION = YES;
				CLANG_WARN_COMMA = YES;
				CLANG_WARN_CONSTANT_CONVERSION = YES;
				CLANG_WARN_DEPRECATED_OBJC_IMPLEMENTATIONS = YES;
				CLANG_WARN_DIRECT_OBJC_ISA_USAGE = YES_ERROR;
				CLANG_WARN_DOCUMENTATION_COMMENTS = YES;
				CLANG_WARN_EMPTY_BODY = YES;
				CLANG_WARN_ENUM_CONVERSION = YES;
				CLANG_WARN_INFINITE_RECURSION = YES;
				CLANG_WARN_INT_CONVERSION = YES;
				CLANG_WARN_NON_LITERAL_NULL_CONVERSION = YES;
				CLANG_WARN_OBJC_IMPLICIT_RETAIN_SELF = YES;
				CLANG_WARN_OBJC_LITERAL_CONVERSION = YES;
				CLANG_WARN_OBJC_ROOT_CLASS = YES_ERROR;
				CLANG_WARN_QUOTED_INCLUDE_IN_FRAMEWORK_HEADER = YES;
				CLANG_WARN_RANGE_LOOP_ANALYSIS = YES;
				CLANG_WARN_STRICT_PROTOTYPES = YES;
				CLANG_WARN_SUSPICIOUS_MOVE = YES;
				CLANG_WARN_UNGUARDED_AVAILABILITY = YES_AGGRESSIVE;
				CLANG_WARN_UNREACHABLE_CODE = YES;
				CLANG_WARN__DUPLICATE_METHOD_MATCH = YES;
				COPY_PHASE_STRIP = NO;
				DEBUG_INFORMATION_FORMAT = "dwarf-with-dsym";
				ENABLE_NS_ASSERTIONS = NO;
				ENABLE_STRICT_OBJC_MSGSEND = YES;
				GCC_C_LANGUAGE_STANDARD = gnu11;
				GCC_NO_COMMON_BLOCKS = YES;
				GCC_WARN_64_TO_32_BIT_CONVERSION = YES;
				GCC_WARN_ABOUT_RETURN_TYPE = YES_ERROR;
				GCC_WARN_UNDECLARED_SELECTOR = YES;
				GCC_WARN_UNINITIALIZED_AUTOS = YES_AGGRESSIVE;
				GCC_WARN_UNUSED_FUNCTION = YES;
				GCC_WARN_UNUSED_VARIABLE = YES;
				IPHONEOS_DEPLOYMENT_TARGET = 16.2;
				MTL_ENABLE_DEBUG_INFO = NO;
				MTL_FAST_MATH = YES;
				SDKROOT = iphoneos;
				SWIFT_COMPILATION_MODE = wholemodule;
				SWIFT_OPTIMIZATION_LEVEL = "-O";
				VALIDATE_PRODUCT = YES;
			};
			name = Release;
		};
		19A935322BE16026006830F0 /* Debug */ = {
			isa = XCBuildConfiguration;
			buildSettings = {
				ASSETCATALOG_COMPILER_APPICON_NAME = AppIcon;
				ASSETCATALOG_COMPILER_GLOBAL_ACCENT_COLOR_NAME = AccentColor;
				CODE_SIGN_ENTITLEMENTS = Mex/Mex.entitlements;
				CODE_SIGN_STYLE = Automatic;
				CURRENT_PROJECT_VERSION = 1;
				DEVELOPMENT_ASSET_PATHS = "\"Mex/Preview Content\"";
				ENABLE_PREVIEWS = YES;
				GENERATE_INFOPLIST_FILE = YES;
				INFOPLIST_FILE = Mex/Info.plist;
				INFOPLIST_KEY_UIApplicationSceneManifest_Generation = YES;
				INFOPLIST_KEY_UIApplicationSupportsIndirectInputEvents = YES;
				INFOPLIST_KEY_UILaunchScreen_Generation = YES;
				INFOPLIST_KEY_UISupportedInterfaceOrientations_iPad = "UIInterfaceOrientationPortrait UIInterfaceOrientationPortraitUpsideDown UIInterfaceOrientationLandscapeLeft UIInterfaceOrientationLandscapeRight";
				INFOPLIST_KEY_UISupportedInterfaceOrientations_iPhone = "UIInterfaceOrientationPortrait UIInterfaceOrientationLandscapeLeft UIInterfaceOrientationLandscapeRight";
				LD_RUNPATH_SEARCH_PATHS = (
					"$(inherited)",
					"@executable_path/Frameworks",
				);
				MARKETING_VERSION = 1.0;
				PRODUCT_BUNDLE_IDENTIFIER = IM.Mex;
				PRODUCT_NAME = "$(TARGET_NAME)";
				SUPPORTED_PLATFORMS = "iphoneos iphonesimulator";
				SUPPORTS_MACCATALYST = NO;
				SUPPORTS_MAC_DESIGNED_FOR_IPHONE_IPAD = NO;
				SWIFT_EMIT_LOC_STRINGS = YES;
				SWIFT_VERSION = 5.0;
				TARGETED_DEVICE_FAMILY = 1;
			};
			name = Debug;
		};
		19A935332BE16026006830F0 /* Release */ = {
			isa = XCBuildConfiguration;
			buildSettings = {
				ASSETCATALOG_COMPILER_APPICON_NAME = AppIcon;
				ASSETCATALOG_COMPILER_GLOBAL_ACCENT_COLOR_NAME = AccentColor;
				CODE_SIGN_ENTITLEMENTS = Mex/Mex.entitlements;
				CODE_SIGN_STYLE = Automatic;
				CURRENT_PROJECT_VERSION = 1;
				DEVELOPMENT_ASSET_PATHS = "\"Mex/Preview Content\"";
				ENABLE_PREVIEWS = YES;
				GENERATE_INFOPLIST_FILE = YES;
				INFOPLIST_FILE = Mex/Info.plist;
				INFOPLIST_KEY_UIApplicationSceneManifest_Generation = YES;
				INFOPLIST_KEY_UIApplicationSupportsIndirectInputEvents = YES;
				INFOPLIST_KEY_UILaunchScreen_Generation = YES;
				INFOPLIST_KEY_UISupportedInterfaceOrientations_iPad = "UIInterfaceOrientationPortrait UIInterfaceOrientationPortraitUpsideDown UIInterfaceOrientationLandscapeLeft UIInterfaceOrientationLandscapeRight";
				INFOPLIST_KEY_UISupportedInterfaceOrientations_iPhone = "UIInterfaceOrientationPortrait UIInterfaceOrientationLandscapeLeft UIInterfaceOrientationLandscapeRight";
				LD_RUNPATH_SEARCH_PATHS = (
					"$(inherited)",
					"@executable_path/Frameworks",
				);
				MARKETING_VERSION = 1.0;
				ONLY_ACTIVE_ARCH = NO;
				PRODUCT_BUNDLE_IDENTIFIER = IM.Mex;
				PRODUCT_NAME = "$(TARGET_NAME)";
				SUPPORTED_PLATFORMS = "iphoneos iphonesimulator";
				SUPPORTS_MACCATALYST = NO;
				SUPPORTS_MAC_DESIGNED_FOR_IPHONE_IPAD = NO;
				SWIFT_EMIT_LOC_STRINGS = YES;
				SWIFT_VERSION = 5.0;
				TARGETED_DEVICE_FAMILY = 1;
			};
			name = Release;
		};
		19A935352BE16026006830F0 /* Debug */ = {
			isa = XCBuildConfiguration;
			buildSettings = {
				ALWAYS_EMBED_SWIFT_STANDARD_LIBRARIES = YES;
				BUNDLE_LOADER = "$(TEST_HOST)";
				CODE_SIGN_STYLE = Automatic;
				CURRENT_PROJECT_VERSION = 1;
				GENERATE_INFOPLIST_FILE = YES;
				IPHONEOS_DEPLOYMENT_TARGET = 16.2;
				MARKETING_VERSION = 1.0;
				PRODUCT_BUNDLE_IDENTIFIER = IM.MexTests;
				PRODUCT_NAME = "$(TARGET_NAME)";
				SWIFT_EMIT_LOC_STRINGS = NO;
				SWIFT_VERSION = 5.0;
				TARGETED_DEVICE_FAMILY = "1,2";
				TEST_HOST = "$(BUILT_PRODUCTS_DIR)/Mex.app/$(BUNDLE_EXECUTABLE_FOLDER_PATH)/Mex";
			};
			name = Debug;
		};
		19A935362BE16026006830F0 /* Release */ = {
			isa = XCBuildConfiguration;
			buildSettings = {
				ALWAYS_EMBED_SWIFT_STANDARD_LIBRARIES = YES;
				BUNDLE_LOADER = "$(TEST_HOST)";
				CODE_SIGN_STYLE = Automatic;
				CURRENT_PROJECT_VERSION = 1;
				GENERATE_INFOPLIST_FILE = YES;
				IPHONEOS_DEPLOYMENT_TARGET = 16.2;
				MARKETING_VERSION = 1.0;
				PRODUCT_BUNDLE_IDENTIFIER = IM.MexTests;
				PRODUCT_NAME = "$(TARGET_NAME)";
				SWIFT_EMIT_LOC_STRINGS = NO;
				SWIFT_VERSION = 5.0;
				TARGETED_DEVICE_FAMILY = "1,2";
				TEST_HOST = "$(BUILT_PRODUCTS_DIR)/Mex.app/$(BUNDLE_EXECUTABLE_FOLDER_PATH)/Mex";
			};
			name = Release;
		};
		19A935382BE16026006830F0 /* Debug */ = {
			isa = XCBuildConfiguration;
			buildSettings = {
				ALWAYS_EMBED_SWIFT_STANDARD_LIBRARIES = YES;
				CODE_SIGN_STYLE = Automatic;
				CURRENT_PROJECT_VERSION = 1;
				GENERATE_INFOPLIST_FILE = YES;
				MARKETING_VERSION = 1.0;
				PRODUCT_BUNDLE_IDENTIFIER = IM.MexUITests;
				PRODUCT_NAME = "$(TARGET_NAME)";
				SWIFT_EMIT_LOC_STRINGS = NO;
				SWIFT_VERSION = 5.0;
				TARGETED_DEVICE_FAMILY = "1,2";
				TEST_TARGET_NAME = Mex;
			};
			name = Debug;
		};
		19A935392BE16026006830F0 /* Release */ = {
			isa = XCBuildConfiguration;
			buildSettings = {
				ALWAYS_EMBED_SWIFT_STANDARD_LIBRARIES = YES;
				CODE_SIGN_STYLE = Automatic;
				CURRENT_PROJECT_VERSION = 1;
				GENERATE_INFOPLIST_FILE = YES;
				MARKETING_VERSION = 1.0;
				PRODUCT_BUNDLE_IDENTIFIER = IM.MexUITests;
				PRODUCT_NAME = "$(TARGET_NAME)";
				SWIFT_EMIT_LOC_STRINGS = NO;
				SWIFT_VERSION = 5.0;
				TARGETED_DEVICE_FAMILY = "1,2";
				TEST_TARGET_NAME = Mex;
			};
			name = Release;
		};
/* End XCBuildConfiguration section */

/* Begin XCConfigurationList section */
		19A935032BE16022006830F0 /* Build configuration list for PBXProject "Mex" */ = {
			isa = XCConfigurationList;
			buildConfigurations = (
				19A9352F2BE16026006830F0 /* Debug */,
				19A935302BE16026006830F0 /* Release */,
			);
			defaultConfigurationIsVisible = 0;
			defaultConfigurationName = Release;
		};
		19A935312BE16026006830F0 /* Build configuration list for PBXNativeTarget "Mex" */ = {
			isa = XCConfigurationList;
			buildConfigurations = (
				19A935322BE16026006830F0 /* Debug */,
				19A935332BE16026006830F0 /* Release */,
			);
			defaultConfigurationIsVisible = 0;
			defaultConfigurationName = Release;
		};
		19A935342BE16026006830F0 /* Build configuration list for PBXNativeTarget "MexTests" */ = {
			isa = XCConfigurationList;
			buildConfigurations = (
				19A935352BE16026006830F0 /* Debug */,
				19A935362BE16026006830F0 /* Release */,
			);
			defaultConfigurationIsVisible = 0;
			defaultConfigurationName = Release;
		};
		19A935372BE16026006830F0 /* Build configuration list for PBXNativeTarget "MexUITests" */ = {
			isa = XCConfigurationList;
			buildConfigurations = (
				19A935382BE16026006830F0 /* Debug */,
				19A935392BE16026006830F0 /* Release */,
			);
			defaultConfigurationIsVisible = 0;
			defaultConfigurationName = Release;
		};
/* End XCConfigurationList section */

/* Begin XCVersionGroup section */
		19A935162BE16025006830F0 /* Mex.xcdatamodeld */ = {
			isa = XCVersionGroup;
			children = (
				19A935172BE16025006830F0 /* Mex.xcdatamodel */,
			);
			currentVersion = 19A935172BE16025006830F0 /* Mex.xcdatamodel */;
			path = Mex.xcdatamodeld;
			sourceTree = "<group>";
			versionGroupType = wrapper.xcdatamodel;
		};
/* End XCVersionGroup section */
	};
	rootObject = 19A935002BE16022006830F0 /* Project object */;
}
