// !$*UTF8*$!
{
	archiveVersion = 1;
	classes = {
	};
	objectVersion = 56;
	objects = {

/* Begin PBXBuildFile section */
		19A9350C2BE16022006830F0 /* MexApp.swift in Sources */ = {isa = PBXBuildFile; fileRef = 19A9350B2BE16022006830F0 /* MexApp.swift */; };
		19A9350E2BE16022006830F0 /* ContentView.swift in Sources */ = {isa = PBXBuildFile; fileRef = 19A9350D2BE16022006830F0 /* ContentView.swift */; };
		19A935102BE16025006830F0 /* Assets.xcassets in Resources */ = {isa = PBXBuildFile; fileRef = 19A9350F2BE16025006830F0 /* Assets.xcassets */; };
		19A935132BE16025006830F0 /* Preview Assets.xcassets in Resources */ = {isa = PBXBuildFile; fileRef = 19A935122BE16025006830F0 /* Preview Assets.xcassets */; };
		19A935152BE16025006830F0 /* Persistence.swift in Sources */ = {isa = PBXBuildFile; fileRef = 19A935142BE16025006830F0 /* Persistence.swift */; };
		19A935182BE16025006830F0 /* Mex.xcdatamodeld in Sources */ = {isa = PBXBuildFile; fileRef = 19A935162BE16025006830F0 /* Mex.xcdatamodeld */; };
		19A935222BE16026006830F0 /* MexTests.swift in Sources */ = {isa = PBXBuildFile; fileRef = 19A935212BE16026006830F0 /* MexTests.swift */; };
		19A9352C2BE16026006830F0 /* MexUITests.swift in Sources */ = {isa = PBXBuildFile; fileRef = 19A9352B2BE16026006830F0 /* MexUITests.swift */; };
		19A9352E2BE16026006830F0 /* MexUITestsLaunchTests.swift in Sources */ = {isa = PBXBuildFile; fileRef = 19A9352D2BE16026006830F0 /* MexUITestsLaunchTests.swift */; };
/* End PBXBuildFile section */

/* Begin PBXContainerItemProxy section */
		19A9351E2BE16026006830F0 /* PBXContainerItemProxy */ = {
			isa = PBXContainerItemProxy;
			containerPortal = 19A935002BE16022006830F0 /* Project object */;
			proxyType = 1;
			remoteGlobalIDString = 19A935072BE16022006830F0;
			remoteInfo = Mex;
		};
		19A935282BE16026006830F0 /* PBXContainerItemProxy */ = {
			isa = PBXContainerItemProxy;
			containerPortal = 19A935002BE16022006830F0 /* Project object */;
			proxyType = 1;
			remoteGlobalIDString = 19A935072BE16022006830F0;
			remoteInfo = Mex;
		};
/* End PBXContainerItemProxy section */

/* Begin PBXFileReference section */
		19A935082BE16022006830F0 /* Mex.app */ = {isa = PBXFileReference; explicitFileType = wrapper.application; includeInIndex = 0; path = Mex.app; sourceTree = BUILT_PRODUCTS_DIR; };
		19A9350B2BE16022006830F0 /* MexApp.swift */ = {isa = PBXFileReference; lastKnownFileType = sourcecode.swift; path = MexApp.swift; sourceTree = "<group>"; };
		19A9350D2BE16022006830F0 /* ContentView.swift */ = {isa = PBXFileReference; lastKnownFileType = sourcecode.swift; path = ContentView.swift; sourceTree = "<group>"; };
		19A9350F2BE16025006830F0 /* Assets.xcassets */ = {isa = PBXFileReference; lastKnownFileType = folder.assetcatalog; path = Assets.xcassets; sourceTree = "<group>"; };
		19A935122BE16025006830F0 /* Preview Assets.xcassets */ = {isa = PBXFileReference; lastKnownFileType = folder.assetcatalog; path = "Preview Assets.xcassets"; sourceTree = "<group>"; };
		19A935142BE16025006830F0 /* Persistence.swift */ = {isa = PBXFileReference; lastKnownFileType = sourcecode.swift; path = Persistence.swift; sourceTree = "<group>"; };
		19A935172BE16025006830F0 /* Mex.xcdatamodel */ = {isa = PBXFileReference; lastKnownFileType = wrapper.xcdatamodel; path = Mex.xcdatamodel; sourceTree = "<group>"; };
		19A9351D2BE16026006830F0 /* MexTests.xctest */ = {isa = PBXFileReference; explicitFileType = wrapper.cfbundle; includeInIndex = 0; path = MexTests.xctest; sourceTree = BUILT_PRODUCTS_DIR; };
		19A935212BE16026006830F0 /* MexTests.swift */ = {isa = PBXFileReference; lastKnownFileType = sourcecode.swift; path = MexTests.swift; sourceTree = "<group>"; };
		19A935272BE16026006830F0 /* MexUITests.xctest */ = {isa = PBXFileReference; explicitFileType = wrapper.cfbundle; includeInIndex = 0; path = MexUITests.xctest; sourceTree = BUILT_PRODUCTS_DIR; };
		19A9352B2BE16026006830F0 /* MexUITests.swift */ = {isa = PBXFileReference; lastKnownFileType = sourcecode.swift; path = MexUITests.swift; sourceTree = "<group>"; };
		19A9352D2BE16026006830F0 /* MexUITestsLaunchTests.swift */ = {isa = PBXFileReference; lastKnownFileType = sourcecode.swift; path = MexUITestsLaunchTests.swift; sourceTree = "<group>"; };
/* End PBXFileReference section */

/* Begin PBXFrameworksBuildPhase section */
		19A935052BE16022006830F0 /* Frameworks */ = {
			isa = PBXFrameworksBuildPhase;
			buildActionMask = 2147483647;
			files = (
			);
			runOnlyForDeploymentPostprocessing = 0;
		};
		19A9351A2BE16026006830F0 /* Frameworks */ = {
			isa = PBXFrameworksBuildPhase;
			buildActionMask = 2147483647;
			files = (
			);
			runOnlyForDeploymentPostprocessing = 0;
		};
		19A935242BE16026006830F0 /* Frameworks */ = {
			isa = PBXFrameworksBuildPhase;
			buildActionMask = 2147483647;
			files = (
			);
			runOnlyForDeploymentPostprocessing = 0;
		};
/* End PBXFrameworksBuildPhase section */

/* Begin PBXGroup section */
		19A934FF2BE16022006830F0 = {
			isa = PBXGroup;
			children = (
				19A9350A2BE16022006830F0 /* Mex */,
				19A935202BE16026006830F0 /* MexTests */,
				19A9352A2BE16026006830F0 /* MexUITests */,
				19A935092BE16022006830F0 /* Products */,
			);
			sourceTree = "<group>";
		};
		19A935092BE16022006830F0 /* Products */ = {
			isa = PBXGroup;
			children = (
				19A935082BE16022006830F0 /* Mex.app */,
				19A9351D2BE16026006830F0 /* MexTests.xctest */,
				19A935272BE16026006830F0 /* MexUITests.xctest */,
			);
			name = Products;
			sourceTree = "<group>";
		};
		19A9350A2BE16022006830F0 /* Mex */ = {
			isa = PBXGroup;
			children = (
				19A9350B2BE16022006830F0 /* MexApp.swift */,
				19A9350D2BE16022006830F0 /* ContentView.swift */,
				19A9350F2BE16025006830F0 /* Assets.xcassets */,
				19A935142BE16025006830F0 /* Persistence.swift */,
				19A935162BE16025006830F0 /* Mex.xcdatamodeld */,
				19A935112BE16025006830F0 /* Preview Content */,
			);
			path = Mex;
			sourceTree = "<group>";
		};
		19A935112BE16025006830F0 /* Preview Content */ = {
			isa = PBXGroup;
			children = (
				19A935122BE16025006830F0 /* Preview Assets.xcassets */,
			);
			path = "Preview Content";
			sourceTree = "<group>";
		};
		19A935202BE16026006830F0 /* MexTests */ = {
			isa = PBXGroup;
			children = (
				19A935212BE16026006830F0 /* MexTests.swift */,
			);
			path = MexTests;
			sourceTree = "<group>";
		};
		19A9352A2BE16026006830F0 /* MexUITests */ = {
			isa = PBXGroup;
			children = (
				19A9352B2BE16026006830F0 /* MexUITests.swift */,
				19A9352D2BE16026006830F0 /* MexUITestsLaunchTests.swift */,
			);
			path = MexUITests;
			sourceTree = "<group>";
		};
/* End PBXGroup section */

/* Begin PBXNativeTarget section */
		19A935072BE16022006830F0 /* Mex */ = {
			isa = PBXNativeTarget;
			buildConfigurationList = 19A935312BE16026006830F0 /* Build configuration list for PBXNativeTarget "Mex" */;
			buildPhases = (
				19A935042BE16022006830F0 /* Sources */,
				19A935052BE16022006830F0 /* Frameworks */,
				19A935062BE16022006830F0 /* Resources */,
			);
			buildRules = (
			);
			dependencies = (
			);
			name = Mex;
			productName = Mex;
			productReference = 19A935082BE16022006830F0 /* Mex.app */;
			productType = "com.apple.product-type.application";
		};
		19A9351C2BE16026006830F0 /* MexTests */ = {
			isa = PBXNativeTarget;
			buildConfigurationList = 19A935342BE16026006830F0 /* Build configuration list for PBXNativeTarget "MexTests" */;
			buildPhases = (
				19A935192BE16026006830F0 /* Sources */,
				19A9351A2BE16026006830F0 /* Frameworks */,
				19A9351B2BE16026006830F0 /* Resources */,
			);
			buildRules = (
			);
			dependencies = (
				19A9351F2BE16026006830F0 /* PBXTargetDependency */,
			);
			name = MexTests;
			productName = MexTests;
			productReference = 19A9351D2BE16026006830F0 /* MexTests.xctest */;
			productType = "com.apple.product-type.bundle.unit-test";
		};
		19A935262BE16026006830F0 /* MexUITests */ = {
			isa = PBXNativeTarget;
			buildConfigurationList = 19A935372BE16026006830F0 /* Build configuration list for PBXNativeTarget "MexUITests" */;
			buildPhases = (
				19A935232BE16026006830F0 /* Sources */,
				19A935242BE16026006830F0 /* Frameworks */,
				19A935252BE16026006830F0 /* Resources */,
			);
			buildRules = (
			);
			dependencies = (
				19A935292BE16026006830F0 /* PBXTargetDependency */,
			);
			name = MexUITests;
			productName = MexUITests;
			productReference = 19A935272BE16026006830F0 /* MexUITests.xctest */;
			productType = "com.apple.product-type.bundle.ui-testing";
		};
/* End PBXNativeTarget section */

/* Begin PBXProject section */
		19A935002BE16022006830F0 /* Project object */ = {
			isa = PBXProject;
			attributes = {
				BuildIndependentTargetsInParallel = 1;
				LastSwiftUpdateCheck = 1420;
				LastUpgradeCheck = 1420;
				TargetAttributes = {
					19A935072BE16022006830F0 = {
						CreatedOnToolsVersion = 14.2;
					};
					19A9351C2BE16026006830F0 = {
						CreatedOnToolsVersion = 14.2;
						TestTargetID = 19A935072BE16022006830F0;
					};
					19A935262BE16026006830F0 = {
						CreatedOnToolsVersion = 14.2;
						TestTargetID = 19A935072BE16022006830F0;
					};
				};
			};
			buildConfigurationList = 19A935032BE16022006830F0 /* Build configuration list for PBXProject "Mex" */;
			compatibilityVersion = "Xcode 14.0";
			developmentRegion = en;
			hasScannedForEncodings = 0;
			knownRegions = (
				en,
				Base,
			);
			mainGroup = 19A934FF2BE16022006830F0;
			productRefGroup = 19A935092BE16022006830F0 /* Products */;
			projectDirPath = "";
			projectRoot = "";
			targets = (
				19A935072BE16022006830F0 /* Mex */,
				19A9351C2BE16026006830F0 /* MexTests */,
				19A935262BE16026006830F0 /* MexUITests */,
			);
		};
/* End PBXProject section */

/* Begin PBXResourcesBuildPhase section */
		19A935062BE16022006830F0 /* Resources */ = {
			isa = PBXResourcesBuildPhase;
			buildActionMask = 2147483647;
			files = (
				19A935132BE16025006830F0 /* Preview Assets.xcassets in Resources */,
				19A935102BE16025006830F0 /* Assets.xcassets in Resources */,
			);
			runOnlyForDeploymentPostprocessing = 0;
		};
		19A9351B2BE16026006830F0 /* Resources */ = {
			isa = PBXResourcesBuildPhase;
			buildActionMask = 2147483647;
			files = (
			);
			runOnlyForDeploymentPostprocessing = 0;
		};
		19A935252BE16026006830F0 /* Resources */ = {
			isa = PBXResourcesBuildPhase;
			buildActionMask = 2147483647;
			files = (
			);
			runOnlyForDeploymentPostprocessing = 0;
		};
/* End PBXResourcesBuildPhase section */

/* Begin PBXSourcesBuildPhase section */
		19A935042BE16022006830F0 /* Sources */ = {
			isa = PBXSourcesBuildPhase;
			buildActionMask = 2147483647;
			files = (
				19A935152BE16025006830F0 /* Persistence.swift in Sources */,
				19A9350E2BE16022006830F0 /* ContentView.swift in Sources */,
				19A935182BE16025006830F0 /* Mex.xcdatamodeld in Sources */,
				19A9350C2BE16022006830F0 /* MexApp.swift in Sources */,
			);
			runOnlyForDeploymentPostprocessing = 0;
		};
		19A935192BE16026006830F0 /* Sources */ = {
			isa = PBXSourcesBuildPhase;
			buildActionMask = 2147483647;
			files = (
				19A935222BE16026006830F0 /* MexTests.swift in Sources */,
			);
			runOnlyForDeploymentPostprocessing = 0;
		};
		19A935232BE16026006830F0 /* Sources */ = {
			isa = PBXSourcesBuildPhase;
			buildActionMask = 2147483647;
			files = (
				19A9352C2BE16026006830F0 /* MexUITests.swift in Sources */,
				19A9352E2BE16026006830F0 /* MexUITestsLaunchTests.swift in Sources */,
			);
			runOnlyForDeploymentPostprocessing = 0;
		};
/* End PBXSourcesBuildPhase section */

/* Begin PBXTargetDependency section */
		19A9351F2BE16026006830F0 /* PBXTargetDependency */ = {
			isa = PBXTargetDependency;
			target = 19A935072BE16022006830F0 /* Mex */;
			targetProxy = 19A9351E2BE16026006830F0 /* PBXContainerItemProxy */;
		};
		19A935292BE16026006830F0 /* PBXTargetDependency */ = {
			isa = PBXTargetDependency;
			target = 19A935072BE16022006830F0 /* Mex */;
			targetProxy = 19A935282BE16026006830F0 /* PBXContainerItemProxy */;
		};
/* End PBXTargetDependency section */

/* Begin XCBuildConfiguration section */
		19A9352F2BE16026006830F0 /* Debug */ = {
			isa = XCBuildConfiguration;
			buildSettings = {
				ALWAYS_SEARCH_USER_PATHS = NO;
				CLANG_ANALYZER_NONNULL = YES;
				CLANG_ANALYZER_NUMBER_OBJECT_CONVERSION = YES_AGGRESSIVE;
				CLANG_CXX_LANGUAGE_STANDARD = "gnu++20";
				CLANG_ENABLE_MODULES = YES;
				CLANG_ENABLE_OBJC_ARC = YES;
				CLANG_ENABLE_OBJC_WEAK = YES;
				CLANG_WARN_BLOCK_CAPTURE_AUTORELEASING = YES;
				CLANG_WARN_BOOL_CONVERSION = YES;
				CLANG_WARN_COMMA = YES;
				CLANG_WARN_CONSTANT_CONVERSION = YES;
				CLANG_WARN_DEPRECATED_OBJC_IMPLEMENTATIONS = YES;
				CLANG_WARN_DIRECT_OBJC_ISA_USAGE = YES_ERROR;
				CLANG_WARN_DOCUMENTATION_COMMENTS = YES;
				CLANG_WARN_EMPTY_BODY = YES;
				CLANG_WARN_ENUM_CONVERSION = YES;
				CLANG_WARN_INFINITE_RECURSION = YES;
				CLANG_WARN_INT_CONVERSION = YES;
				CLANG_WARN_NON_LITERAL_NULL_CONVERSION = YES;
				CLANG_WARN_OBJC_IMPLICIT_RETAIN_SELF = YES;
				CLANG_WARN_OBJC_LITERAL_CONVERSION = YES;
				CLANG_WARN_OBJC_ROOT_CLASS = YES_ERROR;
				CLANG_WARN_QUOTED_INCLUDE_IN_FRAMEWORK_HEADER = YES;
				CLANG_WARN_RANGE_LOOP_ANALYSIS = YES;
				CLANG_WARN_STRICT_PROTOTYPES = YES;
				CLANG_WARN_SUSPICIOUS_MOVE = YES;
				CLANG_WARN_UNGUARDED_AVAILABILITY = YES_AGGRESSIVE;
				CLANG_WARN_UNREACHABLE_CODE = YES;
				CLANG_WARN__DUPLICATE_METHOD_MATCH = YES;
				COPY_PHASE_STRIP = NO;
				DEBUG_INFORMATION_FORMAT = dwarf;
				ENABLE_STRICT_OBJC_MSGSEND = YES;
				ENABLE_TESTABILITY = YES;
				GCC_C_LANGUAGE_STANDARD = gnu11;
				GCC_DYNAMIC_NO_PIC = NO;
				GCC_NO_COMMON_BLOCKS = YES;
				GCC_OPTIMIZATION_LEVEL = 0;
				GCC_PREPROCESSOR_DEFINITIONS = (
					"DEBUG=1",
					"$(inherited)",
				);
				GCC_WARN_64_TO_32_BIT_CONVERSION = YES;
				GCC_WARN_ABOUT_RETURN_TYPE = YES_ERROR;
				GCC_WARN_UNDECLARED_SELECTOR = YES;
				GCC_WARN_UNINITIALIZED_AUTOS = YES_AGGRESSIVE;
				GCC_WARN_UNUSED_FUNCTION = YES;
				GCC_WARN_UNUSED_VARIABLE = YES;
				IPHONEOS_DEPLOYMENT_TARGET = 16.2;
				MTL_ENABLE_DEBUG_INFO = INCLUDE_SOURCE;
				MTL_FAST_MATH = YES;
				ONLY_ACTIVE_ARCH = YES;
				SDKROOT = iphoneos;
				SWIFT_ACTIVE_COMPILATION_CONDITIONS = DEBUG;
				SWIFT_OPTIMIZATION_LEVEL = "-Onone";
			};
			name = Debug;
		};
		19A935302BE16026006830F0 /* Release */ = {
			isa = XCBuildConfiguration;
			buildSettings = {
				ALWAYS_SEARCH_USER_PATHS = NO;
				CLANG_ANALYZER_NONNULL = YES;
				CLANG_ANALYZER_NUMBER_OBJECT_CONVERSION = YES_AGGRESSIVE;
				CLANG_CXX_LANGUAGE_STANDARD = "gnu++20";
				CLANG_ENABLE_MODULES = YES;
				CLANG_ENABLE_OBJC_ARC = YES;
				CLANG_ENABLE_OBJC_WEAK = YES;
				CLANG_WARN_BLOCK_CAPTURE_AUTORELEASING = YES;
				CLANG_WARN_BOOL_CONVERSION = YES;
				CLANG_WARN_COMMA = YES;
				CLANG_WARN_CONSTANT_CONVERSION = YES;
				CLANG_WARN_DEPRECATED_OBJC_IMPLEMENTATIONS = YES;
				CLANG_WARN_DIRECT_OBJC_ISA_USAGE = YES_ERROR;
				CLANG_WARN_DOCUMENTATION_COMMENTS = YES;
				CLANG_WARN_EMPTY_BODY = YES;
				CLANG_WARN_ENUM_CONVERSION = YES;
				CLANG_WARN_INFINITE_RECURSION = YES;
				CLANG_WARN_INT_CONVERSION = YES;
				CLANG_WARN_NON_LITERAL_NULL_CONVERSION = YES;
				CLANG_WARN_OBJC_IMPLICIT_RETAIN_SELF = YES;
				CLANG_WARN_OBJC_LITERAL_CONVERSION = YES;
				CLANG_WARN_OBJC_ROOT_CLASS = YES_ERROR;
				CLANG_WARN_QUOTED_INCLUDE_IN_FRAMEWORK_HEADER = YES;
				CLANG_WARN_RANGE_LOOP_ANALYSIS = YES;
				CLANG_WARN_STRICT_PROTOTYPES = YES;
				CLANG_WARN_SUSPICIOUS_MOVE = YES;
				CLANG_WARN_UNGUARDED_AVAILABILITY = YES_AGGRESSIVE;
				CLANG_WARN_UNREACHABLE_CODE = YES;
				CLANG_WARN__DUPLICATE_METHOD_MATCH = YES;
				COPY_PHASE_STRIP = NO;
				DEBUG_INFORMATION_FORMAT = "dwarf-with-dsym";
				ENABLE_NS_ASSERTIONS = NO;
				ENABLE_STRICT_OBJC_MSGSEND = YES;
				GCC_C_LANGUAGE_STANDARD = gnu11;
				GCC_NO_COMMON_BLOCKS = YES;
				GCC_WARN_64_TO_32_BIT_CONVERSION = YES;
				GCC_WARN_ABOUT_RETURN_TYPE = YES_ERROR;
				GCC_WARN_UNDECLARED_SELECTOR = YES;
				GCC_WARN_UNINITIALIZED_AUTOS = YES_AGGRESSIVE;
				GCC_WARN_UNUSED_FUNCTION = YES;
				GCC_WARN_UNUSED_VARIABLE = YES;
				IPHONEOS_DEPLOYMENT_TARGET = 16.2;
				MTL_ENABLE_DEBUG_INFO = NO;
				MTL_FAST_MATH = YES;
				SDKROOT = iphoneos;
				SWIFT_COMPILATION_MODE = wholemodule;
				SWIFT_OPTIMIZATION_LEVEL = "-O";
				VALIDATE_PRODUCT = YES;
			};
			name = Release;
		};
		19A935322BE16026006830F0 /* Debug */ = {
			isa = XCBuildConfiguration;
			buildSettings = {
				ASSETCATALOG_COMPILER_APPICON_NAME = AppIcon;
				ASSETCATALOG_COMPILER_GLOBAL_ACCENT_COLOR_NAME = AccentColor;
				CODE_SIGN_STYLE = Automatic;
				CURRENT_PROJECT_VERSION = 1;
				DEVELOPMENT_ASSET_PATHS = "\"Mex/Preview Content\"";
				ENABLE_PREVIEWS = YES;
				GENERATE_INFOPLIST_FILE = YES;
				INFOPLIST_KEY_UIApplicationSceneManifest_Generation = YES;
				INFOPLIST_KEY_UIApplicationSupportsIndirectInputEvents = YES;
				INFOPLIST_KEY_UILaunchScreen_Generation = YES;
				INFOPLIST_KEY_UISupportedInterfaceOrientations_iPad = "UIInterfaceOrientationPortrait UIInterfaceOrientationPortraitUpsideDown UIInterfaceOrientationLandscapeLeft UIInterfaceOrientationLandscapeRight";
				INFOPLIST_KEY_UISupportedInterfaceOrientations_iPhone = "UIInterfaceOrientationPortrait UIInterfaceOrientationLandscapeLeft UIInterfaceOrientationLandscapeRight";
				LD_RUNPATH_SEARCH_PATHS = (
					"$(inherited)",
					"@executable_path/Frameworks",
				);
				MARKETING_VERSION = 1.0;
				PRODUCT_BUNDLE_IDENTIFIER = IM.Mex;
				PRODUCT_NAME = "$(TARGET_NAME)";
				SWIFT_EMIT_LOC_STRINGS = YES;
				SWIFT_VERSION = 5.0;
				TARGETED_DEVICE_FAMILY = "1,2";
			};
			name = Debug;
		};
		19A935332BE16026006830F0 /* Release */ = {
			isa = XCBuildConfiguration;
			buildSettings = {
				ASSETCATALOG_COMPILER_APPICON_NAME = AppIcon;
				ASSETCATALOG_COMPILER_GLOBAL_ACCENT_COLOR_NAME = AccentColor;
				CODE_SIGN_STYLE = Automatic;
				CURRENT_PROJECT_VERSION = 1;
				DEVELOPMENT_ASSET_PATHS = "\"Mex/Preview Content\"";
				ENABLE_PREVIEWS = YES;
				GENERATE_INFOPLIST_FILE = YES;
				INFOPLIST_KEY_UIApplicationSceneManifest_Generation = YES;
				INFOPLIST_KEY_UIApplicationSupportsIndirectInputEvents = YES;
				INFOPLIST_KEY_UILaunchScreen_Generation = YES;
				INFOPLIST_KEY_UISupportedInterfaceOrientations_iPad = "UIInterfaceOrientationPortrait UIInterfaceOrientationPortraitUpsideDown UIInterfaceOrientationLandscapeLeft UIInterfaceOrientationLandscapeRight";
				INFOPLIST_KEY_UISupportedInterfaceOrientations_iPhone = "UIInterfaceOrientationPortrait UIInterfaceOrientationLandscapeLeft UIInterfaceOrientationLandscapeRight";
				LD_RUNPATH_SEARCH_PATHS = (
					"$(inherited)",
					"@executable_path/Frameworks",
				);
				MARKETING_VERSION = 1.0;
				PRODUCT_BUNDLE_IDENTIFIER = IM.Mex;
				PRODUCT_NAME = "$(TARGET_NAME)";
				SWIFT_EMIT_LOC_STRINGS = YES;
				SWIFT_VERSION = 5.0;
				TARGETED_DEVICE_FAMILY = "1,2";
			};
			name = Release;
		};
		19A935352BE16026006830F0 /* Debug */ = {
			isa = XCBuildConfiguration;
			buildSettings = {
				ALWAYS_EMBED_SWIFT_STANDARD_LIBRARIES = YES;
				BUNDLE_LOADER = "$(TEST_HOST)";
				CODE_SIGN_STYLE = Automatic;
				CURRENT_PROJECT_VERSION = 1;
				GENERATE_INFOPLIST_FILE = YES;
				IPHONEOS_DEPLOYMENT_TARGET = 16.2;
				MARKETING_VERSION = 1.0;
				PRODUCT_BUNDLE_IDENTIFIER = IM.MexTests;
				PRODUCT_NAME = "$(TARGET_NAME)";
				SWIFT_EMIT_LOC_STRINGS = NO;
				SWIFT_VERSION = 5.0;
				TARGETED_DEVICE_FAMILY = "1,2";
				TEST_HOST = "$(BUILT_PRODUCTS_DIR)/Mex.app/$(BUNDLE_EXECUTABLE_FOLDER_PATH)/Mex";
			};
			name = Debug;
		};
		19A935362BE16026006830F0 /* Release */ = {
			isa = XCBuildConfiguration;
			buildSettings = {
				ALWAYS_EMBED_SWIFT_STANDARD_LIBRARIES = YES;
				BUNDLE_LOADER = "$(TEST_HOST)";
				CODE_SIGN_STYLE = Automatic;
				CURRENT_PROJECT_VERSION = 1;
				GENERATE_INFOPLIST_FILE = YES;
				IPHONEOS_DEPLOYMENT_TARGET = 16.2;
				MARKETING_VERSION = 1.0;
				PRODUCT_BUNDLE_IDENTIFIER = IM.MexTests;
				PRODUCT_NAME = "$(TARGET_NAME)";
				SWIFT_EMIT_LOC_STRINGS = NO;
				SWIFT_VERSION = 5.0;
				TARGETED_DEVICE_FAMILY = "1,2";
				TEST_HOST = "$(BUILT_PRODUCTS_DIR)/Mex.app/$(BUNDLE_EXECUTABLE_FOLDER_PATH)/Mex";
			};
			name = Release;
		};
		19A935382BE16026006830F0 /* Debug */ = {
			isa = XCBuildConfiguration;
			buildSettings = {
				ALWAYS_EMBED_SWIFT_STANDARD_LIBRARIES = YES;
				CODE_SIGN_STYLE = Automatic;
				CURRENT_PROJECT_VERSION = 1;
				GENERATE_INFOPLIST_FILE = YES;
				MARKETING_VERSION = 1.0;
				PRODUCT_BUNDLE_IDENTIFIER = IM.MexUITests;
				PRODUCT_NAME = "$(TARGET_NAME)";
				SWIFT_EMIT_LOC_STRINGS = NO;
				SWIFT_VERSION = 5.0;
				TARGETED_DEVICE_FAMILY = "1,2";
				TEST_TARGET_NAME = Mex;
			};
			name = Debug;
		};
		19A935392BE16026006830F0 /* Release */ = {
			isa = XCBuildConfiguration;
			buildSettings = {
				ALWAYS_EMBED_SWIFT_STANDARD_LIBRARIES = YES;
				CODE_SIGN_STYLE = Automatic;
				CURRENT_PROJECT_VERSION = 1;
				GENERATE_INFOPLIST_FILE = YES;
				MARKETING_VERSION = 1.0;
				PRODUCT_BUNDLE_IDENTIFIER = IM.MexUITests;
				PRODUCT_NAME = "$(TARGET_NAME)";
				SWIFT_EMIT_LOC_STRINGS = NO;
				SWIFT_VERSION = 5.0;
				TARGETED_DEVICE_FAMILY = "1,2";
				TEST_TARGET_NAME = Mex;
			};
			name = Release;
		};
/* End XCBuildConfiguration section */

/* Begin XCConfigurationList section */
		19A935032BE16022006830F0 /* Build configuration list for PBXProject "Mex" */ = {
			isa = XCConfigurationList;
			buildConfigurations = (
				19A9352F2BE16026006830F0 /* Debug */,
				19A935302BE16026006830F0 /* Release */,
			);
			defaultConfigurationIsVisible = 0;
			defaultConfigurationName = Release;
		};
		19A935312BE16026006830F0 /* Build configuration list for PBXNativeTarget "Mex" */ = {
			isa = XCConfigurationList;
			buildConfigurations = (
				19A935322BE16026006830F0 /* Debug */,
				19A935332BE16026006830F0 /* Release */,
			);
			defaultConfigurationIsVisible = 0;
			defaultConfigurationName = Release;
		};
		19A935342BE16026006830F0 /* Build configuration list for PBXNativeTarget "MexTests" */ = {
			isa = XCConfigurationList;
			buildConfigurations = (
				19A935352BE16026006830F0 /* Debug */,
				19A935362BE16026006830F0 /* Release */,
			);
			defaultConfigurationIsVisible = 0;
			defaultConfigurationName = Release;
		};
		19A935372BE16026006830F0 /* Build configuration list for PBXNativeTarget "MexUITests" */ = {
			isa = XCConfigurationList;
			buildConfigurations = (
				19A935382BE16026006830F0 /* Debug */,
				19A935392BE16026006830F0 /* Release */,
			);
			defaultConfigurationIsVisible = 0;
			defaultConfigurationName = Release;
		};
/* End XCConfigurationList section */

/* Begin XCVersionGroup section */
		19A935162BE16025006830F0 /* Mex.xcdatamodeld */ = {
			isa = XCVersionGroup;
			children = (
				19A935172BE16025006830F0 /* Mex.xcdatamodel */,
			);
			currentVersion = 19A935172BE16025006830F0 /* Mex.xcdatamodel */;
			path = Mex.xcdatamodeld;
			sourceTree = "<group>";
			versionGroupType = wrapper.xcdatamodel;
		};
/* End XCVersionGroup section */
	};
	rootObject = 19A935002BE16022006830F0 /* Project object */;
}
